format = 1

[requirements]
ed-sql-prinsipper = "core"

[sources.core]
repository = "git@github.com:sander-ed/ed-gnosis-core.git"
ref = "HEAD"

[packages.ed-sql-prinsipper]
source = "core"
commit = "b02987f5e5f7cd2abca3a245355757a5253a36bf"
dependencies = []

[packages.ed-sql-prinsipper.location]
repository = "git@github.com:sander-ed/ed-gnosis-core.git"
ref = "HEAD"
